
Microsoft Visual Studio Solution File, Format Version 12.00
# Visual Studio Express 2012 for Windows Desktop
Project("{FAE04EC0-301F-11D3-BF4B-00C04F79EFBC}") = "Ndi", "Ndi\Ndi.csproj", "{5F35E71C-7948-42A5-A5B1-07821FE089FD}"
EndProject
Project("{FAE04EC0-301F-11D3-BF4B-00C04F79EFBC}") = "Ndi.Samples.Console", "Ndi.Samples.Console\Ndi.Samples.Console.csproj", "{FA8B7160-1801-41C3-AD5D-171579E7D91E}"
	ProjectSection(ProjectDependencies) = postProject
		{5F35E71C-7948-42A5-A5B1-07821FE089FD} = {5F35E71C-7948-42A5-A5B1-07821FE089FD}
	EndProjectSection
EndProject
Project("{FAE04EC0-301F-11D3-BF4B-00C04F79EFBC}") = "Ndi.ExtraTooling", "Ndi.ExtraTooling\Ndi.ExtraTooling.csproj", "{74059B03-16A5-4775-8235-416A68B0E2CC}"
EndProject
Project("{FAE04EC0-301F-11D3-BF4B-00C04F79EFBC}") = "Ndi.ExtraTooling.Tests", "Ndi.ExtraTooling.Tests\Ndi.ExtraTooling.Tests.csproj", "{E4D832B4-DF08-4932-944F-F07EDDE2800D}"
EndProject
Project("{FAE04EC0-301F-11D3-BF4B-00C04F79EFBC}") = "Ndi.UnitTests", "Ndi.UnitTests\Ndi.UnitTests.csproj", "{8A000AAC-9ED3-4FCC-B89E-B0A5B2730DED}"
EndProject
Global
	GlobalSection(SolutionConfigurationPlatforms) = preSolution
		Debug|Any CPU = Debug|Any CPU
		Release|Any CPU = Release|Any CPU
	EndGlobalSection
	GlobalSection(ProjectConfigurationPlatforms) = postSolution
		{5F35E71C-7948-42A5-A5B1-07821FE089FD}.Debug|Any CPU.ActiveCfg = Debug|Any CPU
		{5F35E71C-7948-42A5-A5B1-07821FE089FD}.Debug|Any CPU.Build.0 = Debug|Any CPU
		{5F35E71C-7948-42A5-A5B1-07821FE089FD}.Release|Any CPU.ActiveCfg = Release|Any CPU
		{5F35E71C-7948-42A5-A5B1-07821FE089FD}.Release|Any CPU.Build.0 = Release|Any CPU
		{FA8B7160-1801-41C3-AD5D-171579E7D91E}.Debug|Any CPU.ActiveCfg = Debug|Any CPU
		{FA8B7160-1801-41C3-AD5D-171579E7D91E}.Debug|Any CPU.Build.0 = Debug|Any CPU
		{FA8B7160-1801-41C3-AD5D-171579E7D91E}.Release|Any CPU.ActiveCfg = Release|Any CPU
		{FA8B7160-1801-41C3-AD5D-171579E7D91E}.Release|Any CPU.Build.0 = Release|Any CPU
		{74059B03-16A5-4775-8235-416A68B0E2CC}.Debug|Any CPU.ActiveCfg = Debug|Any CPU
		{74059B03-16A5-4775-8235-416A68B0E2CC}.Debug|Any CPU.Build.0 = Debug|Any CPU
		{74059B03-16A5-4775-8235-416A68B0E2CC}.Release|Any CPU.ActiveCfg = Release|Any CPU
		{74059B03-16A5-4775-8235-416A68B0E2CC}.Release|Any CPU.Build.0 = Release|Any CPU
		{E4D832B4-DF08-4932-944F-F07EDDE2800D}.Debug|Any CPU.ActiveCfg = Debug|Any CPU
		{E4D832B4-DF08-4932-944F-F07EDDE2800D}.Debug|Any CPU.Build.0 = Debug|Any CPU
		{E4D832B4-DF08-4932-944F-F07EDDE2800D}.Release|Any CPU.ActiveCfg = Release|Any CPU
		{E4D832B4-DF08-4932-944F-F07EDDE2800D}.Release|Any CPU.Build.0 = Release|Any CPU
		{8A000AAC-9ED3-4FCC-B89E-B0A5B2730DED}.Debug|Any CPU.ActiveCfg = Debug|Any CPU
		{8A000AAC-9ED3-4FCC-B89E-B0A5B2730DED}.Debug|Any CPU.Build.0 = Debug|Any CPU
		{8A000AAC-9ED3-4FCC-B89E-B0A5B2730DED}.Release|Any CPU.ActiveCfg = Release|Any CPU
		{8A000AAC-9ED3-4FCC-B89E-B0A5B2730DED}.Release|Any CPU.Build.0 = Release|Any CPU
	EndGlobalSection
	GlobalSection(SolutionProperties) = preSolution
		HideSolutionNode = FALSE
	EndGlobalSection
EndGlobal
