
Microsoft Visual Studio Solution File, Format Version 12.00
# Visual Studio 14
VisualStudioVersion = 14.0.25420.1
MinimumVisualStudioVersion = 10.0.40219.1
Project("{FAE04EC0-301F-11D3-BF4B-00C04F79EFBC}") = "Ndi", "Ndi\Ndi.csproj", "{5F35E71C-7948-42A5-A5B1-07821FE089FD}"
EndProject
Project("{FAE04EC0-301F-11D3-BF4B-00C04F79EFBC}") = "Ndi.Samples.Console", "Ndi.Samples.Console\Ndi.Samples.Console.csproj", "{FA8B7160-1801-41C3-AD5D-171579E7D91E}"
	ProjectSection(ProjectDependencies) = postProject
		{5F35E71C-7948-42A5-A5B1-07821FE089FD} = {5F35E71C-7948-42A5-A5B1-07821FE089FD}
	EndProjectSection
EndProject
Project("{FAE04EC0-301F-11D3-BF4B-00C04F79EFBC}") = "Ndi.UnitTests", "Ndi.UnitTests\Ndi.UnitTests.csproj", "{8A000AAC-9ED3-4FCC-B89E-B0A5B2730DED}"
EndProject
Global
	GlobalSection(SolutionConfigurationPlatforms) = preSolution
		Debug|Any CPU = Debug|Any CPU
		Release|Any CPU = Release|Any CPU
	EndGlobalSection
	GlobalSection(ProjectConfigurationPlatforms) = postSolution
		{5F35E71C-7948-42A5-A5B1-07821FE089FD}.Debug|Any CPU.ActiveCfg = Debug|Any CPU
		{5F35E71C-7948-42A5-A5B1-07821FE089FD}.Debug|Any CPU.Build.0 = Debug|Any CPU
		{5F35E71C-7948-42A5-A5B1-07821FE089FD}.Release|Any CPU.ActiveCfg = Release|Any CPU
		{5F35E71C-7948-42A5-A5B1-07821FE089FD}.Release|Any CPU.Build.0 = Release|Any CPU
		{FA8B7160-1801-41C3-AD5D-171579E7D91E}.Debug|Any CPU.ActiveCfg = Debug|Any CPU
		{FA8B7160-1801-41C3-AD5D-171579E7D91E}.Debug|Any CPU.Build.0 = Debug|Any CPU
		{FA8B7160-1801-41C3-AD5D-171579E7D91E}.Release|Any CPU.ActiveCfg = Release|Any CPU
		{FA8B7160-1801-41C3-AD5D-171579E7D91E}.Release|Any CPU.Build.0 = Release|Any CPU
		{8A000AAC-9ED3-4FCC-B89E-B0A5B2730DED}.Debug|Any CPU.ActiveCfg = Debug|Any CPU
		{8A000AAC-9ED3-4FCC-B89E-B0A5B2730DED}.Debug|Any CPU.Build.0 = Debug|Any CPU
		{8A000AAC-9ED3-4FCC-B89E-B0A5B2730DED}.Release|Any CPU.ActiveCfg = Release|Any CPU
		{8A000AAC-9ED3-4FCC-B89E-B0A5B2730DED}.Release|Any CPU.Build.0 = Release|Any CPU
	EndGlobalSection
	GlobalSection(SolutionProperties) = preSolution
		HideSolutionNode = FALSE
	EndGlobalSection
EndGlobal
